{
  "name": "prog3",
  "lockfileVersion": 3,
  "requires": true,
  "packages": {
    "": {
      "dependencies": {
        "chalk": "^5.3.0",
        "fs": "^0.0.1-security",
        "ntp-client": "^0.5.3",
        "ntp-time": "^2.0.4"
      }
    },
    "node_modules/chalk": {
      "version": "5.3.0",
      "resolved": "https://registry.npmjs.org/chalk/-/chalk-5.3.0.tgz",
      "integrity": "sha512-dLitG79d+GV1Nb/VYcCDFivJeK1hiukt9QjRNVOsUtTy1rR1YJsmpGGTZ3qJos+uw7WmWF4wUwBd9jxjocFC2w==",
      "engines": {
        "node": "^12.17.0 || ^14.13 || >=16.0.0"
      },
      "funding": {
        "url": "https://github.com/chalk/chalk?sponsor=1"
      }
    },
    "node_modules/fs": {
      "version": "0.0.1-security",
      "resolved": "https://registry.npmjs.org/fs/-/fs-0.0.1-security.tgz",
      "integrity": "sha512-3XY9e1pP0CVEUCdj5BmfIZxRBTSDycnbqhIOGec9QYtmVH2fbLpj86CFWkrNOkt/Fvty4KZG5lTglL9j/gJ87w=="
    },
    "node_modules/ntp-client": {
      "version": "0.5.3",
      "resolved": "https://registry.npmjs.org/ntp-client/-/ntp-client-0.5.3.tgz",
      "integrity": "sha512-/Ja8ljm8V0yb+zZnjEaJlFY3abA9gIpQcnkX8RJ59NzHVcnJJpGoKtU3UcrnAwRfduYAktI+2gJLpn1NepxgnA==",
      "bin": {
        "node-ntp-client": "bin/node-ntp-client"
      },
      "engines": {
        "node": ">= 0.10.0"
      }
    },
    "node_modules/ntp-time": {
      "version": "2.0.4",
      "resolved": "https://registry.npmjs.org/ntp-time/-/ntp-time-2.0.4.tgz",
      "integrity": "sha512-tC7ejWGWdYhUzqQEeWiJZxHYPuUK/zCLXfY7DWGxa2/IBABk+LikpesUHg9aOBsboT84ebcptHgtaLJSCnSeZg=="
    }
  }
}
