{
    "name": "prog3",
    "lockfileVersion": 3,
    "requires": true,
    "packages": {
        "": {
            "dependencies": {
                "ntp-client": "^0.5.3",
                "ntp-time": "^2.0.4"
            }
        },
        "node_modules/ntp-client": {
            "version": "0.5.3",
            "resolved": "https://registry.npmjs.org/ntp-client/-/ntp-client-0.5.3.tgz",
            "integrity": "sha512-/Ja8ljm8V0yb+zZnjEaJlFY3abA9gIpQcnkX8RJ59NzHVcnJJpGoKtU3UcrnAwRfduYAktI+2gJLpn1NepxgnA==",
            "bin": {
                "node-ntp-client": "bin/node-ntp-client"
            },
            "engines": {
                "node": ">= 0.10.0"
            }
        },
        "node_modules/ntp-time": {
            "version": "2.0.4",
            "resolved": "https://registry.npmjs.org/ntp-time/-/ntp-time-2.0.4.tgz",
            "integrity": "sha512-tC7ejWGWdYhUzqQEeWiJZxHYPuUK/zCLXfY7DWGxa2/IBABk+LikpesUHg9aOBsboT84ebcptHgtaLJSCnSeZg=="
        }
    }
}
